Microsoft Visual Studio Solution File, Format Version 8.00
Project("{8BC9CEB8-8B4A-11D0-8D11-00A0C91BC942}") = "Lander", "Lander.vcproj", "{A5F33FDC-CAFD-4667-BCAA-3F86AD6C89D7}"
	ProjectSection(ProjectDependencies) = postProject
	EndProjectSection
EndProject
Global
	GlobalSection(SolutionConfiguration) = preSolution
		Debug = Debug
		Release = Release
	EndGlobalSection
	GlobalSection(ProjectConfiguration) = postSolution
		{A5F33FDC-CAFD-4667-BCAA-3F86AD6C89D7}.Debug.ActiveCfg = Debug|Win32
		{A5F33FDC-CAFD-4667-BCAA-3F86AD6C89D7}.Debug.Build.0 = Debug|Win32
		{A5F33FDC-CAFD-4667-BCAA-3F86AD6C89D7}.Release.ActiveCfg = Release|Win32
		{A5F33FDC-CAFD-4667-BCAA-3F86AD6C89D7}.Release.Build.0 = Release|Win32
	EndGlobalSection
	GlobalSection(ExtensibilityGlobals) = postSolution
	EndGlobalSection
	GlobalSection(ExtensibilityAddIns) = postSolution
	EndGlobalSection
EndGlobal
