
Microsoft Visual Studio Solution File, Format Version 10.00
# Visual Studio 2008
Project("{8BC9CEB8-8B4A-11D0-8D11-00A0C91BC942}") = "Lander", "Lander\Lander.vcproj", "{31752D58-A1FB-415B-AA41-F7925ABDFC9E}"
EndProject
Project("{54435603-DBB4-11D2-8724-00A0C9A8B90C}") = "Setup", "Setup\Setup.vdproj", "{7469D375-6020-4540-BC06-78E57823A235}"
EndProject
Global
	GlobalSection(SolutionConfigurationPlatforms) = preSolution
		Debug|Win32 = Debug|Win32
		Release|Win32 = Release|Win32
	EndGlobalSection
	GlobalSection(ProjectConfigurationPlatforms) = postSolution
		{31752D58-A1FB-415B-AA41-F7925ABDFC9E}.Debug|Win32.ActiveCfg = Debug|Win32
		{31752D58-A1FB-415B-AA41-F7925ABDFC9E}.Debug|Win32.Build.0 = Debug|Win32
		{31752D58-A1FB-415B-AA41-F7925ABDFC9E}.Release|Win32.ActiveCfg = Release|Win32
		{31752D58-A1FB-415B-AA41-F7925ABDFC9E}.Release|Win32.Build.0 = Release|Win32
		{7469D375-6020-4540-BC06-78E57823A235}.Debug|Win32.ActiveCfg = Debug
		{7469D375-6020-4540-BC06-78E57823A235}.Release|Win32.ActiveCfg = Release
	EndGlobalSection
	GlobalSection(SolutionProperties) = preSolution
		HideSolutionNode = FALSE
	EndGlobalSection
EndGlobal
