Microsoft Visual Studio Solution File, Format Version 9.00
# Visual Studio 2005
Project("{8BC9CEB8-8B4A-11D0-8D11-00A0C91BC942}") = "Lander", "Lander.vcproj", "{346B1DAF-3F5C-4C8D-B247-700DCC8E9566}"
EndProject
Global
	GlobalSection(SolutionConfigurationPlatforms) = preSolution
		Debug|Win32 = Debug|Win32
		Release|Win32 = Release|Win32
	EndGlobalSection
	GlobalSection(ProjectConfigurationPlatforms) = postSolution
		{346B1DAF-3F5C-4C8D-B247-700DCC8E9566}.Debug|Win32.ActiveCfg = Debug|Win32
		{346B1DAF-3F5C-4C8D-B247-700DCC8E9566}.Debug|Win32.Build.0 = Debug|Win32
		{346B1DAF-3F5C-4C8D-B247-700DCC8E9566}.Release|Win32.ActiveCfg = Release|Win32
		{346B1DAF-3F5C-4C8D-B247-700DCC8E9566}.Release|Win32.Build.0 = Release|Win32
	EndGlobalSection
	GlobalSection(SolutionProperties) = preSolution
		HideSolutionNode = FALSE
	EndGlobalSection
EndGlobal
