// !$*UTF8*$!
{
	archiveVersion = 1;
	classes = {
	};
	objectVersion = 42;
	objects = {

/* Begin PBXApplicationTarget section */
		29B97326FDCFA39411CA2CEA /* Lander */ = {
			isa = PBXApplicationTarget;
			buildConfigurationList = 01CAD29D0B07BEB700C32A7E /* Build configuration list for PBXApplicationTarget "Lander" */;
			buildPhases = (
				29B97327FDCFA39411CA2CEA /* Headers */,
				29B97328FDCFA39411CA2CEA /* Resources */,
				29B9732BFDCFA39411CA2CEA /* Sources */,
				29B9732DFDCFA39411CA2CEA /* Frameworks */,
				01F660980B08627F00F6B8CD /* Copy Frameworks */,
				01F661030B08634100F6B8CD /* Copy Game Files */,
			);
			dependencies = (
			);
			name = Lander;
			productInstallPath = "$(HOME)/Applications";
			productName = Lander;
			productReference = 17587328FF379C6511CA2CBB /* Lander.app */;
			productSettingsXML = "<?xml version=\"1.0\" encoding=\"UTF-8\"?>
<!DOCTYPE plist PUBLIC \"-//Apple Computer//DTD PLIST 1.0//EN\" \"http://www.apple.com/DTDs/PropertyList-1.0.dtd\">
<plist version=\"1.0\">
<dict>
	<key>CFBundleDevelopmentRegion</key>
	<string>English</string>
	<key>CFBundleExecutable</key>
	<string>Lander</string>
	<key>CFBundleIconFile</key>
	<string></string>
	<key>CFBundleInfoDictionaryVersion</key>
	<string>6.0</string>
	<key>CFBundlePackageType</key>
	<string>APPL</string>
	<key>CFBundleSignature</key>
	<string>????</string>
	<key>CFBundleVersion</key>
	<string>0.1</string>
	<key>NSMainNibFile</key>
	<string>MainMenu</string>
	<key>NSPrincipalClass</key>
	<string>NSApplication</string>
</dict>
</plist>
";
		};
/* End PBXApplicationTarget section */

/* Begin PBXBuildFile section */
		015524ED0F5498AE003129D6 /* AnimatedImage.cpp in Sources */ = {isa = PBXBuildFile; fileRef = 015524B20F5498AE003129D6 /* AnimatedImage.cpp */; };
		015524EE0F5498AE003129D6 /* AnimatedImage.hpp in Headers */ = {isa = PBXBuildFile; fileRef = 015524B30F5498AE003129D6 /* AnimatedImage.hpp */; };
		015524EF0F5498AE003129D6 /* Asteroid.cpp in Sources */ = {isa = PBXBuildFile; fileRef = 015524B40F5498AE003129D6 /* Asteroid.cpp */; };
		015524F00F5498AE003129D6 /* Asteroid.hpp in Headers */ = {isa = PBXBuildFile; fileRef = 015524B50F5498AE003129D6 /* Asteroid.hpp */; };
		015524F10F5498AE003129D6 /* ConfigFile.cpp in Sources */ = {isa = PBXBuildFile; fileRef = 015524B60F5498AE003129D6 /* ConfigFile.cpp */; };
		015524F20F5498AE003129D6 /* ConfigFile.hpp in Headers */ = {isa = PBXBuildFile; fileRef = 015524B70F5498AE003129D6 /* ConfigFile.hpp */; };
		015524F30F5498AE003129D6 /* ElectricGate.cpp in Sources */ = {isa = PBXBuildFile; fileRef = 015524B80F5498AE003129D6 /* ElectricGate.cpp */; };
		015524F40F5498AE003129D6 /* ElectricGate.hpp in Headers */ = {isa = PBXBuildFile; fileRef = 015524B90F5498AE003129D6 /* ElectricGate.hpp */; };
		015524F50F5498AE003129D6 /* Emitter.cpp in Sources */ = {isa = PBXBuildFile; fileRef = 015524BA0F5498AE003129D6 /* Emitter.cpp */; };
		015524F60F5498AE003129D6 /* Emitter.hpp in Headers */ = {isa = PBXBuildFile; fileRef = 015524BB0F5498AE003129D6 /* Emitter.hpp */; };
		015524F70F5498AE003129D6 /* Fade.cpp in Sources */ = {isa = PBXBuildFile; fileRef = 015524BC0F5498AE003129D6 /* Fade.cpp */; };
		015524F80F5498AE003129D6 /* Fade.hpp in Headers */ = {isa = PBXBuildFile; fileRef = 015524BD0F5498AE003129D6 /* Fade.hpp */; };
		015524F90F5498AE003129D6 /* Font.cpp in Sources */ = {isa = PBXBuildFile; fileRef = 015524BE0F5498AE003129D6 /* Font.cpp */; };
		015524FA0F5498AE003129D6 /* Font.hpp in Headers */ = {isa = PBXBuildFile; fileRef = 015524BF0F5498AE003129D6 /* Font.hpp */; };
		015524FB0F5498AE003129D6 /* Game.cpp in Sources */ = {isa = PBXBuildFile; fileRef = 015524C00F5498AE003129D6 /* Game.cpp */; };
		015524FC0F5498AE003129D6 /* Game.hpp in Headers */ = {isa = PBXBuildFile; fileRef = 015524C10F5498AE003129D6 /* Game.hpp */; };
		015524FD0F5498AE003129D6 /* GameObjFwd.hpp in Headers */ = {isa = PBXBuildFile; fileRef = 015524C20F5498AE003129D6 /* GameObjFwd.hpp */; };
		015524FE0F5498AE003129D6 /* Geometry.hpp in Headers */ = {isa = PBXBuildFile; fileRef = 015524C30F5498AE003129D6 /* Geometry.hpp */; };
		015524FF0F5498AE003129D6 /* GraphicsFwd.hpp in Headers */ = {isa = PBXBuildFile; fileRef = 015524C40F5498AE003129D6 /* GraphicsFwd.hpp */; };
		015525000F5498AE003129D6 /* HighScores.cpp in Sources */ = {isa = PBXBuildFile; fileRef = 015524C50F5498AE003129D6 /* HighScores.cpp */; };
		015525010F5498AE003129D6 /* HighScores.hpp in Headers */ = {isa = PBXBuildFile; fileRef = 015524C60F5498AE003129D6 /* HighScores.hpp */; };
		015525020F5498AE003129D6 /* Image.cpp in Sources */ = {isa = PBXBuildFile; fileRef = 015524C70F5498AE003129D6 /* Image.cpp */; };
		015525030F5498AE003129D6 /* Image.hpp in Headers */ = {isa = PBXBuildFile; fileRef = 015524C80F5498AE003129D6 /* Image.hpp */; };
		015525040F5498AE003129D6 /* Input.cpp in Sources */ = {isa = PBXBuildFile; fileRef = 015524C90F5498AE003129D6 /* Input.cpp */; };
		015525050F5498AE003129D6 /* Input.hpp in Headers */ = {isa = PBXBuildFile; fileRef = 015524CA0F5498AE003129D6 /* Input.hpp */; };
		015525060F5498AE003129D6 /* InterfaceSounds.cpp in Sources */ = {isa = PBXBuildFile; fileRef = 015524CB0F5498AE003129D6 /* InterfaceSounds.cpp */; };
		015525070F5498AE003129D6 /* InterfaceSounds.hpp in Headers */ = {isa = PBXBuildFile; fileRef = 015524CC0F5498AE003129D6 /* InterfaceSounds.hpp */; };
		015525080F5498AE003129D6 /* Key.cpp in Sources */ = {isa = PBXBuildFile; fileRef = 015524CD0F5498AE003129D6 /* Key.cpp */; };
		015525090F5498AE003129D6 /* Key.hpp in Headers */ = {isa = PBXBuildFile; fileRef = 015524CE0F5498AE003129D6 /* Key.hpp */; };
		0155250A0F5498AE003129D6 /* LandingPad.cpp in Sources */ = {isa = PBXBuildFile; fileRef = 015524CF0F5498AE003129D6 /* LandingPad.cpp */; };
		0155250B0F5498AE003129D6 /* LandingPad.hpp in Headers */ = {isa = PBXBuildFile; fileRef = 015524D00F5498AE003129D6 /* LandingPad.hpp */; };
		0155250C0F5498AE003129D6 /* LoadOnce.hpp in Headers */ = {isa = PBXBuildFile; fileRef = 015524D10F5498AE003129D6 /* LoadOnce.hpp */; };
		0155250D0F5498AE003129D6 /* Main.cpp in Sources */ = {isa = PBXBuildFile; fileRef = 015524D20F5498AE003129D6 /* Main.cpp */; };
		0155250F0F5498AE003129D6 /* Menu.cpp in Sources */ = {isa = PBXBuildFile; fileRef = 015524D40F5498AE003129D6 /* Menu.cpp */; };
		015525100F5498AE003129D6 /* Menu.hpp in Headers */ = {isa = PBXBuildFile; fileRef = 015524D50F5498AE003129D6 /* Menu.hpp */; };
		015525110F5498AE003129D6 /* Mine.cpp in Sources */ = {isa = PBXBuildFile; fileRef = 015524D60F5498AE003129D6 /* Mine.cpp */; };
		015525120F5498AE003129D6 /* Mine.hpp in Headers */ = {isa = PBXBuildFile; fileRef = 015524D70F5498AE003129D6 /* Mine.hpp */; };
		015525130F5498AE003129D6 /* Missile.cpp in Sources */ = {isa = PBXBuildFile; fileRef = 015524D80F5498AE003129D6 /* Missile.cpp */; };
		015525140F5498AE003129D6 /* Missile.hpp in Headers */ = {isa = PBXBuildFile; fileRef = 015524D90F5498AE003129D6 /* Missile.hpp */; };
		015525150F5498AE003129D6 /* ObjectGrid.cpp in Sources */ = {isa = PBXBuildFile; fileRef = 015524DA0F5498AE003129D6 /* ObjectGrid.cpp */; };
		015525160F5498AE003129D6 /* ObjectGrid.hpp in Headers */ = {isa = PBXBuildFile; fileRef = 015524DB0F5498AE003129D6 /* ObjectGrid.hpp */; };
		015525170F5498AE003129D6 /* OpenGL.cpp in Sources */ = {isa = PBXBuildFile; fileRef = 015524DC0F5498AE003129D6 /* OpenGL.cpp */; };
		015525180F5498AE003129D6 /* OpenGL.hpp in Headers */ = {isa = PBXBuildFile; fileRef = 015524DD0F5498AE003129D6 /* OpenGL.hpp */; };
		015525190F5498AE003129D6 /* Options.cpp in Sources */ = {isa = PBXBuildFile; fileRef = 015524DE0F5498AE003129D6 /* Options.cpp */; };
		0155251A0F5498AE003129D6 /* Options.hpp in Headers */ = {isa = PBXBuildFile; fileRef = 015524DF0F5498AE003129D6 /* Options.hpp */; };
		0155251B0F5498AE003129D6 /* Platform.hpp in Headers */ = {isa = PBXBuildFile; fileRef = 015524E00F5498AE003129D6 /* Platform.hpp */; };
		0155251C0F5498AE003129D6 /* ScreenManager.cpp in Sources */ = {isa = PBXBuildFile; fileRef = 015524E10F5498AE003129D6 /* ScreenManager.cpp */; };
		0155251D0F5498AE003129D6 /* ScreenManager.hpp in Headers */ = {isa = PBXBuildFile; fileRef = 015524E20F5498AE003129D6 /* ScreenManager.hpp */; };
		0155251E0F5498AE003129D6 /* Ship.cpp in Sources */ = {isa = PBXBuildFile; fileRef = 015524E30F5498AE003129D6 /* Ship.cpp */; };
		0155251F0F5498AE003129D6 /* Ship.hpp in Headers */ = {isa = PBXBuildFile; fileRef = 015524E40F5498AE003129D6 /* Ship.hpp */; };
		015525200F5498AE003129D6 /* SoundEffect.cpp in Sources */ = {isa = PBXBuildFile; fileRef = 015524E50F5498AE003129D6 /* SoundEffect.cpp */; };
		015525210F5498AE003129D6 /* SoundEffect.hpp in Headers */ = {isa = PBXBuildFile; fileRef = 015524E60F5498AE003129D6 /* SoundEffect.hpp */; };
		015525220F5498AE003129D6 /* Surface.cpp in Sources */ = {isa = PBXBuildFile; fileRef = 015524E70F5498AE003129D6 /* Surface.cpp */; };
		015525230F5498AE003129D6 /* Surface.hpp in Headers */ = {isa = PBXBuildFile; fileRef = 015524E80F5498AE003129D6 /* Surface.hpp */; };
		015525240F5498AE003129D6 /* Texture.cpp in Sources */ = {isa = PBXBuildFile; fileRef = 015524E90F5498AE003129D6 /* Texture.cpp */; };
		015525250F5498AE003129D6 /* Texture.hpp in Headers */ = {isa = PBXBuildFile; fileRef = 015524EA0F5498AE003129D6 /* Texture.hpp */; };
		015525260F5498AE003129D6 /* Viewport.cpp in Sources */ = {isa = PBXBuildFile; fileRef = 015524EB0F5498AE003129D6 /* Viewport.cpp */; };
		015525270F5498AE003129D6 /* Viewport.hpp in Headers */ = {isa = PBXBuildFile; fileRef = 015524EC0F5498AE003129D6 /* Viewport.hpp */; };
		015526D60F54AA06003129D6 /* SDL_mixer.framework in Frameworks */ = {isa = PBXBuildFile; fileRef = 015526D10F54AA06003129D6 /* SDL_mixer.framework */; };
		015526DC0F54AA1E003129D6 /* SDL_image.framework in Frameworks */ = {isa = PBXBuildFile; fileRef = 015526D70F54AA1E003129D6 /* SDL_image.framework */; };
		01CAD4E80B07C26800C32A7E /* FreeType.framework in Frameworks */ = {isa = PBXBuildFile; fileRef = 01CAD4E70B07C26800C32A7E /* FreeType.framework */; };
		01F660A00B0862E200F6B8CD /* FreeType.framework in Copy Frameworks */ = {isa = PBXBuildFile; fileRef = 01CAD4E70B07C26800C32A7E /* FreeType.framework */; };
		01F660D00B0862F700F6B8CD /* SDL.framework in Frameworks */ = {isa = PBXBuildFile; fileRef = 01F660CF0B0862F700F6B8CD /* SDL.framework */; };
		01F660D30B0862F900F6B8CD /* SDL.framework in Copy Frameworks */ = {isa = PBXBuildFile; fileRef = 01F660CF0B0862F700F6B8CD /* SDL.framework */; };
		01F661090B08636800F6B8CD /* Hollow_Font.ttf in Resources */ = {isa = PBXBuildFile; fileRef = 01F661060B08636800F6B8CD /* Hollow_Font.ttf */; };
		01F6610C0B08637400F6B8CD /* Hollow_Font.ttf in Copy Game Files */ = {isa = PBXBuildFile; fileRef = 01F661060B08636800F6B8CD /* Hollow_Font.ttf */; };
		089C165EFE840E0CC02AAC07 /* InfoPlist.strings in Resources */ = {isa = PBXBuildFile; fileRef = 089C165CFE840E0CC02AAC07 /* InfoPlist.strings */; };
		1058C7A3FEA54F0111CA2CBB /* Cocoa.framework in Frameworks */ = {isa = PBXBuildFile; fileRef = 1058C7A1FEA54F0111CA2CBB /* Cocoa.framework */; };
		B2F67ED804C74A3F00A80002 /* OpenGL.framework in Frameworks */ = {isa = PBXBuildFile; fileRef = B2F67ED704C74A3F00A80002 /* OpenGL.framework */; };
		B2F67F1F04C773E400A80002 /* GLUT.framework in Frameworks */ = {isa = PBXBuildFile; fileRef = B2F67F1E04C773E400A80002 /* GLUT.framework */; };
		F5A47AA101A0483001D3D55B /* SDLMain.h in Headers */ = {isa = PBXBuildFile; fileRef = F5A47A9D01A0482F01D3D55B /* SDLMain.h */; };
		F5A47AA301A0483001D3D55B /* SDLMain.m in Sources */ = {isa = PBXBuildFile; fileRef = F5A47A9E01A0483001D3D55B /* SDLMain.m */; };
/* End PBXBuildFile section */

/* Begin PBXCopyFilesBuildPhase section */
		01F660980B08627F00F6B8CD /* Copy Frameworks */ = {
			isa = PBXCopyFilesBuildPhase;
			buildActionMask = 12;
			dstPath = "";
			dstSubfolderSpec = 10;
			files = (
				01F660D30B0862F900F6B8CD /* SDL.framework in Copy Frameworks */,
				01F660A00B0862E200F6B8CD /* FreeType.framework in Copy Frameworks */,
			);
			name = "Copy Frameworks";
			runOnlyForDeploymentPostprocessing = 0;
		};
		01F661030B08634100F6B8CD /* Copy Game Files */ = {
			isa = PBXCopyFilesBuildPhase;
			buildActionMask = 2147483647;
			dstPath = "";
			dstSubfolderSpec = 7;
			files = (
				01F6610C0B08637400F6B8CD /* Hollow_Font.ttf in Copy Game Files */,
			);
			name = "Copy Game Files";
			runOnlyForDeploymentPostprocessing = 0;
		};
/* End PBXCopyFilesBuildPhase section */

/* Begin PBXFileReference section */
		015524B20F5498AE003129D6 /* AnimatedImage.cpp */ = {isa = PBXFileReference; fileEncoding = 30; lastKnownFileType = sourcecode.cpp.cpp; name = AnimatedImage.cpp; path = src/AnimatedImage.cpp; sourceTree = "<group>"; };
		015524B30F5498AE003129D6 /* AnimatedImage.hpp */ = {isa = PBXFileReference; fileEncoding = 30; lastKnownFileType = sourcecode.cpp.h; name = AnimatedImage.hpp; path = src/AnimatedImage.hpp; sourceTree = "<group>"; };
		015524B40F5498AE003129D6 /* Asteroid.cpp */ = {isa = PBXFileReference; fileEncoding = 30; lastKnownFileType = sourcecode.cpp.cpp; name = Asteroid.cpp; path = src/Asteroid.cpp; sourceTree = "<group>"; };
		015524B50F5498AE003129D6 /* Asteroid.hpp */ = {isa = PBXFileReference; fileEncoding = 30; lastKnownFileType = sourcecode.cpp.h; name = Asteroid.hpp; path = src/Asteroid.hpp; sourceTree = "<group>"; };
		015524B60F5498AE003129D6 /* ConfigFile.cpp */ = {isa = PBXFileReference; fileEncoding = 30; lastKnownFileType = sourcecode.cpp.cpp; name = ConfigFile.cpp; path = src/ConfigFile.cpp; sourceTree = "<group>"; };
		015524B70F5498AE003129D6 /* ConfigFile.hpp */ = {isa = PBXFileReference; fileEncoding = 30; lastKnownFileType = sourcecode.cpp.h; name = ConfigFile.hpp; path = src/ConfigFile.hpp; sourceTree = "<group>"; };
		015524B80F5498AE003129D6 /* ElectricGate.cpp */ = {isa = PBXFileReference; fileEncoding = 30; lastKnownFileType = sourcecode.cpp.cpp; name = ElectricGate.cpp; path = src/ElectricGate.cpp; sourceTree = "<group>"; };
		015524B90F5498AE003129D6 /* ElectricGate.hpp */ = {isa = PBXFileReference; fileEncoding = 30; lastKnownFileType = sourcecode.cpp.h; name = ElectricGate.hpp; path = src/ElectricGate.hpp; sourceTree = "<group>"; };
		015524BA0F5498AE003129D6 /* Emitter.cpp */ = {isa = PBXFileReference; fileEncoding = 30; lastKnownFileType = sourcecode.cpp.cpp; name = Emitter.cpp; path = src/Emitter.cpp; sourceTree = "<group>"; };
		015524BB0F5498AE003129D6 /* Emitter.hpp */ = {isa = PBXFileReference; fileEncoding = 30; lastKnownFileType = sourcecode.cpp.h; name = Emitter.hpp; path = src/Emitter.hpp; sourceTree = "<group>"; };
		015524BC0F5498AE003129D6 /* Fade.cpp */ = {isa = PBXFileReference; fileEncoding = 30; lastKnownFileType = sourcecode.cpp.cpp; name = Fade.cpp; path = src/Fade.cpp; sourceTree = "<group>"; };
		015524BD0F5498AE003129D6 /* Fade.hpp */ = {isa = PBXFileReference; fileEncoding = 30; lastKnownFileType = sourcecode.cpp.h; name = Fade.hpp; path = src/Fade.hpp; sourceTree = "<group>"; };
		015524BE0F5498AE003129D6 /* Font.cpp */ = {isa = PBXFileReference; fileEncoding = 30; lastKnownFileType = sourcecode.cpp.cpp; name = Font.cpp; path = src/Font.cpp; sourceTree = "<group>"; };
		015524BF0F5498AE003129D6 /* Font.hpp */ = {isa = PBXFileReference; fileEncoding = 30; lastKnownFileType = sourcecode.cpp.h; name = Font.hpp; path = src/Font.hpp; sourceTree = "<group>"; };
		015524C00F5498AE003129D6 /* Game.cpp */ = {isa = PBXFileReference; fileEncoding = 30; lastKnownFileType = sourcecode.cpp.cpp; name = Game.cpp; path = src/Game.cpp; sourceTree = "<group>"; };
		015524C10F5498AE003129D6 /* Game.hpp */ = {isa = PBXFileReference; fileEncoding = 30; lastKnownFileType = sourcecode.cpp.h; name = Game.hpp; path = src/Game.hpp; sourceTree = "<group>"; };
		015524C20F5498AE003129D6 /* GameObjFwd.hpp */ = {isa = PBXFileReference; fileEncoding = 30; lastKnownFileType = sourcecode.cpp.h; name = GameObjFwd.hpp; path = src/GameObjFwd.hpp; sourceTree = "<group>"; };
		015524C30F5498AE003129D6 /* Geometry.hpp */ = {isa = PBXFileReference; fileEncoding = 30; lastKnownFileType = sourcecode.cpp.h; name = Geometry.hpp; path = src/Geometry.hpp; sourceTree = "<group>"; };
		015524C40F5498AE003129D6 /* GraphicsFwd.hpp */ = {isa = PBXFileReference; fileEncoding = 30; lastKnownFileType = sourcecode.cpp.h; name = GraphicsFwd.hpp; path = src/GraphicsFwd.hpp; sourceTree = "<group>"; };
		015524C50F5498AE003129D6 /* HighScores.cpp */ = {isa = PBXFileReference; fileEncoding = 30; lastKnownFileType = sourcecode.cpp.cpp; name = HighScores.cpp; path = src/HighScores.cpp; sourceTree = "<group>"; };
		015524C60F5498AE003129D6 /* HighScores.hpp */ = {isa = PBXFileReference; fileEncoding = 30; lastKnownFileType = sourcecode.cpp.h; name = HighScores.hpp; path = src/HighScores.hpp; sourceTree = "<group>"; };
		015524C70F5498AE003129D6 /* Image.cpp */ = {isa = PBXFileReference; fileEncoding = 30; lastKnownFileType = sourcecode.cpp.cpp; name = Image.cpp; path = src/Image.cpp; sourceTree = "<group>"; };
		015524C80F5498AE003129D6 /* Image.hpp */ = {isa = PBXFileReference; fileEncoding = 30; lastKnownFileType = sourcecode.cpp.h; name = Image.hpp; path = src/Image.hpp; sourceTree = "<group>"; };
		015524C90F5498AE003129D6 /* Input.cpp */ = {isa = PBXFileReference; fileEncoding = 30; lastKnownFileType = sourcecode.cpp.cpp; name = Input.cpp; path = src/Input.cpp; sourceTree = "<group>"; };
		015524CA0F5498AE003129D6 /* Input.hpp */ = {isa = PBXFileReference; fileEncoding = 30; lastKnownFileType = sourcecode.cpp.h; name = Input.hpp; path = src/Input.hpp; sourceTree = "<group>"; };
		015524CB0F5498AE003129D6 /* InterfaceSounds.cpp */ = {isa = PBXFileReference; fileEncoding = 30; lastKnownFileType = sourcecode.cpp.cpp; name = InterfaceSounds.cpp; path = src/InterfaceSounds.cpp; sourceTree = "<group>"; };
		015524CC0F5498AE003129D6 /* InterfaceSounds.hpp */ = {isa = PBXFileReference; fileEncoding = 30; lastKnownFileType = sourcecode.cpp.h; name = InterfaceSounds.hpp; path = src/InterfaceSounds.hpp; sourceTree = "<group>"; };
		015524CD0F5498AE003129D6 /* Key.cpp */ = {isa = PBXFileReference; fileEncoding = 30; lastKnownFileType = sourcecode.cpp.cpp; name = Key.cpp; path = src/Key.cpp; sourceTree = "<group>"; };
		015524CE0F5498AE003129D6 /* Key.hpp */ = {isa = PBXFileReference; fileEncoding = 30; lastKnownFileType = sourcecode.cpp.h; name = Key.hpp; path = src/Key.hpp; sourceTree = "<group>"; };
		015524CF0F5498AE003129D6 /* LandingPad.cpp */ = {isa = PBXFileReference; fileEncoding = 30; lastKnownFileType = sourcecode.cpp.cpp; name = LandingPad.cpp; path = src/LandingPad.cpp; sourceTree = "<group>"; };
		015524D00F5498AE003129D6 /* LandingPad.hpp */ = {isa = PBXFileReference; fileEncoding = 30; lastKnownFileType = sourcecode.cpp.h; name = LandingPad.hpp; path = src/LandingPad.hpp; sourceTree = "<group>"; };
		015524D10F5498AE003129D6 /* LoadOnce.hpp */ = {isa = PBXFileReference; fileEncoding = 30; lastKnownFileType = sourcecode.cpp.h; name = LoadOnce.hpp; path = src/LoadOnce.hpp; sourceTree = "<group>"; };
		015524D20F5498AE003129D6 /* Main.cpp */ = {isa = PBXFileReference; fileEncoding = 30; lastKnownFileType = sourcecode.cpp.cpp; name = Main.cpp; path = src/Main.cpp; sourceTree = "<group>"; };
		015524D40F5498AE003129D6 /* Menu.cpp */ = {isa = PBXFileReference; fileEncoding = 30; lastKnownFileType = sourcecode.cpp.cpp; name = Menu.cpp; path = src/Menu.cpp; sourceTree = "<group>"; };
		015524D50F5498AE003129D6 /* Menu.hpp */ = {isa = PBXFileReference; fileEncoding = 30; lastKnownFileType = sourcecode.cpp.h; name = Menu.hpp; path = src/Menu.hpp; sourceTree = "<group>"; };
		015524D60F5498AE003129D6 /* Mine.cpp */ = {isa = PBXFileReference; fileEncoding = 30; lastKnownFileType = sourcecode.cpp.cpp; name = Mine.cpp; path = src/Mine.cpp; sourceTree = "<group>"; };
		015524D70F5498AE003129D6 /* Mine.hpp */ = {isa = PBXFileReference; fileEncoding = 30; lastKnownFileType = sourcecode.cpp.h; name = Mine.hpp; path = src/Mine.hpp; sourceTree = "<group>"; };
		015524D80F5498AE003129D6 /* Missile.cpp */ = {isa = PBXFileReference; fileEncoding = 30; lastKnownFileType = sourcecode.cpp.cpp; name = Missile.cpp; path = src/Missile.cpp; sourceTree = "<group>"; };
		015524D90F5498AE003129D6 /* Missile.hpp */ = {isa = PBXFileReference; fileEncoding = 30; lastKnownFileType = sourcecode.cpp.h; name = Missile.hpp; path = src/Missile.hpp; sourceTree = "<group>"; };
		015524DA0F5498AE003129D6 /* ObjectGrid.cpp */ = {isa = PBXFileReference; fileEncoding = 30; lastKnownFileType = sourcecode.cpp.cpp; name = ObjectGrid.cpp; path = src/ObjectGrid.cpp; sourceTree = "<group>"; };
		015524DB0F5498AE003129D6 /* ObjectGrid.hpp */ = {isa = PBXFileReference; fileEncoding = 30; lastKnownFileType = sourcecode.cpp.h; name = ObjectGrid.hpp; path = src/ObjectGrid.hpp; sourceTree = "<group>"; };
		015524DC0F5498AE003129D6 /* OpenGL.cpp */ = {isa = PBXFileReference; fileEncoding = 30; lastKnownFileType = sourcecode.cpp.cpp; name = OpenGL.cpp; path = src/OpenGL.cpp; sourceTree = "<group>"; };
		015524DD0F5498AE003129D6 /* OpenGL.hpp */ = {isa = PBXFileReference; fileEncoding = 30; lastKnownFileType = sourcecode.cpp.h; name = OpenGL.hpp; path = src/OpenGL.hpp; sourceTree = "<group>"; };
		015524DE0F5498AE003129D6 /* Options.cpp */ = {isa = PBXFileReference; fileEncoding = 30; lastKnownFileType = sourcecode.cpp.cpp; name = Options.cpp; path = src/Options.cpp; sourceTree = "<group>"; };
		015524DF0F5498AE003129D6 /* Options.hpp */ = {isa = PBXFileReference; fileEncoding = 30; lastKnownFileType = sourcecode.cpp.h; name = Options.hpp; path = src/Options.hpp; sourceTree = "<group>"; };
		015524E00F5498AE003129D6 /* Platform.hpp */ = {isa = PBXFileReference; fileEncoding = 30; lastKnownFileType = sourcecode.cpp.h; name = Platform.hpp; path = src/Platform.hpp; sourceTree = "<group>"; };
		015524E10F5498AE003129D6 /* ScreenManager.cpp */ = {isa = PBXFileReference; fileEncoding = 30; lastKnownFileType = sourcecode.cpp.cpp; name = ScreenManager.cpp; path = src/ScreenManager.cpp; sourceTree = "<group>"; };
		015524E20F5498AE003129D6 /* ScreenManager.hpp */ = {isa = PBXFileReference; fileEncoding = 30; lastKnownFileType = sourcecode.cpp.h; name = ScreenManager.hpp; path = src/ScreenManager.hpp; sourceTree = "<group>"; };
		015524E30F5498AE003129D6 /* Ship.cpp */ = {isa = PBXFileReference; fileEncoding = 30; lastKnownFileType = sourcecode.cpp.cpp; name = Ship.cpp; path = src/Ship.cpp; sourceTree = "<group>"; };
		015524E40F5498AE003129D6 /* Ship.hpp */ = {isa = PBXFileReference; fileEncoding = 30; lastKnownFileType = sourcecode.cpp.h; name = Ship.hpp; path = src/Ship.hpp; sourceTree = "<group>"; };
		015524E50F5498AE003129D6 /* SoundEffect.cpp */ = {isa = PBXFileReference; fileEncoding = 30; lastKnownFileType = sourcecode.cpp.cpp; name = SoundEffect.cpp; path = src/SoundEffect.cpp; sourceTree = "<group>"; };
		015524E60F5498AE003129D6 /* SoundEffect.hpp */ = {isa = PBXFileReference; fileEncoding = 30; lastKnownFileType = sourcecode.cpp.h; name = SoundEffect.hpp; path = src/SoundEffect.hpp; sourceTree = "<group>"; };
		015524E70F5498AE003129D6 /* Surface.cpp */ = {isa = PBXFileReference; fileEncoding = 30; lastKnownFileType = sourcecode.cpp.cpp; name = Surface.cpp; path = src/Surface.cpp; sourceTree = "<group>"; };
		015524E80F5498AE003129D6 /* Surface.hpp */ = {isa = PBXFileReference; fileEncoding = 30; lastKnownFileType = sourcecode.cpp.h; name = Surface.hpp; path = src/Surface.hpp; sourceTree = "<group>"; };
		015524E90F5498AE003129D6 /* Texture.cpp */ = {isa = PBXFileReference; fileEncoding = 30; lastKnownFileType = sourcecode.cpp.cpp; name = Texture.cpp; path = src/Texture.cpp; sourceTree = "<group>"; };
		015524EA0F5498AE003129D6 /* Texture.hpp */ = {isa = PBXFileReference; fileEncoding = 30; lastKnownFileType = sourcecode.cpp.h; name = Texture.hpp; path = src/Texture.hpp; sourceTree = "<group>"; };
		015524EB0F5498AE003129D6 /* Viewport.cpp */ = {isa = PBXFileReference; fileEncoding = 30; lastKnownFileType = sourcecode.cpp.cpp; name = Viewport.cpp; path = src/Viewport.cpp; sourceTree = "<group>"; };
		015524EC0F5498AE003129D6 /* Viewport.hpp */ = {isa = PBXFileReference; fileEncoding = 30; lastKnownFileType = sourcecode.cpp.h; name = Viewport.hpp; path = src/Viewport.hpp; sourceTree = "<group>"; };
		015526D10F54AA06003129D6 /* SDL_mixer.framework */ = {isa = PBXFileReference; lastKnownFileType = wrapper.framework; name = SDL_mixer.framework; path = /Library/Frameworks/SDL_mixer.framework; sourceTree = "<absolute>"; };
		015526D70F54AA1E003129D6 /* SDL_image.framework */ = {isa = PBXFileReference; lastKnownFileType = wrapper.framework; name = SDL_image.framework; path = /Library/Frameworks/SDL_image.framework; sourceTree = "<absolute>"; };
		01CAD4E70B07C26800C32A7E /* FreeType.framework */ = {isa = PBXFileReference; lastKnownFileType = wrapper.framework; name = FreeType.framework; path = /Library/Frameworks/FreeType.framework; sourceTree = "<absolute>"; };
		01F660CF0B0862F700F6B8CD /* SDL.framework */ = {isa = PBXFileReference; lastKnownFileType = wrapper.framework; name = SDL.framework; path = /Library/Frameworks/SDL.framework; sourceTree = "<absolute>"; };
		01F661060B08636800F6B8CD /* Hollow_Font.ttf */ = {isa = PBXFileReference; lastKnownFileType = file; path = Hollow_Font.ttf; sourceTree = "<group>"; };
		089C165DFE840E0CC02AAC07 /* English */ = {isa = PBXFileReference; fileEncoding = 10; lastKnownFileType = text.plist.strings; name = English; path = English.lproj/InfoPlist.strings; sourceTree = "<group>"; };
		1058C7A1FEA54F0111CA2CBB /* Cocoa.framework */ = {isa = PBXFileReference; lastKnownFileType = wrapper.framework; name = Cocoa.framework; path = /System/Library/Frameworks/Cocoa.framework; sourceTree = "<absolute>"; };
		17587328FF379C6511CA2CBB /* Lander.app */ = {isa = PBXFileReference; explicitFileType = wrapper.application; path = Lander.app; sourceTree = BUILT_PRODUCTS_DIR; };
		29B97324FDCFA39411CA2CEA /* AppKit.framework */ = {isa = PBXFileReference; lastKnownFileType = wrapper.framework; name = AppKit.framework; path = /System/Library/Frameworks/AppKit.framework; sourceTree = "<absolute>"; };
		29B97325FDCFA39411CA2CEA /* Foundation.framework */ = {isa = PBXFileReference; lastKnownFileType = wrapper.framework; name = Foundation.framework; path = /System/Library/Frameworks/Foundation.framework; sourceTree = "<absolute>"; };
		B2F67ED704C74A3F00A80002 /* OpenGL.framework */ = {isa = PBXFileReference; lastKnownFileType = wrapper.framework; name = OpenGL.framework; path = /System/Library/Frameworks/OpenGL.framework; sourceTree = "<absolute>"; };
		B2F67F1E04C773E400A80002 /* GLUT.framework */ = {isa = PBXFileReference; lastKnownFileType = wrapper.framework; name = GLUT.framework; path = /System/Library/Frameworks/GLUT.framework; sourceTree = "<absolute>"; };
		F5A47A9D01A0482F01D3D55B /* SDLMain.h */ = {isa = PBXFileReference; fileEncoding = 30; lastKnownFileType = sourcecode.c.h; path = SDLMain.h; sourceTree = SOURCE_ROOT; };
		F5A47A9E01A0483001D3D55B /* SDLMain.m */ = {isa = PBXFileReference; fileEncoding = 30; lastKnownFileType = sourcecode.c.objc; path = SDLMain.m; sourceTree = SOURCE_ROOT; };
/* End PBXFileReference section */

/* Begin PBXFrameworksBuildPhase section */
		29B9732DFDCFA39411CA2CEA /* Frameworks */ = {
			isa = PBXFrameworksBuildPhase;
			buildActionMask = 2147483647;
			files = (
				01CAD4E80B07C26800C32A7E /* FreeType.framework in Frameworks */,
				1058C7A3FEA54F0111CA2CBB /* Cocoa.framework in Frameworks */,
				B2F67ED804C74A3F00A80002 /* OpenGL.framework in Frameworks */,
				B2F67F1F04C773E400A80002 /* GLUT.framework in Frameworks */,
				01F660D00B0862F700F6B8CD /* SDL.framework in Frameworks */,
				015526D60F54AA06003129D6 /* SDL_mixer.framework in Frameworks */,
				015526DC0F54AA1E003129D6 /* SDL_image.framework in Frameworks */,
			);
			runOnlyForDeploymentPostprocessing = 0;
		};
/* End PBXFrameworksBuildPhase section */

/* Begin PBXGroup section */
		01CAD2A80B07BEC200C32A7E /* Sources */ = {
			isa = PBXGroup;
			children = (
				015524B60F5498AE003129D6 /* ConfigFile.cpp */,
				015524B40F5498AE003129D6 /* Asteroid.cpp */,
				015524B20F5498AE003129D6 /* AnimatedImage.cpp */,
				015524C00F5498AE003129D6 /* Game.cpp */,
				015524B80F5498AE003129D6 /* ElectricGate.cpp */,
				015524BE0F5498AE003129D6 /* Font.cpp */,
				015524BC0F5498AE003129D6 /* Fade.cpp */,
				015524BA0F5498AE003129D6 /* Emitter.cpp */,
				015524C50F5498AE003129D6 /* HighScores.cpp */,
				015524C90F5498AE003129D6 /* Input.cpp */,
				015524CD0F5498AE003129D6 /* Key.cpp */,
				015524CB0F5498AE003129D6 /* InterfaceSounds.cpp */,
				015524C70F5498AE003129D6 /* Image.cpp */,
				015524CF0F5498AE003129D6 /* LandingPad.cpp */,
				015524D40F5498AE003129D6 /* Menu.cpp */,
				015524D60F5498AE003129D6 /* Mine.cpp */,
				015524D80F5498AE003129D6 /* Missile.cpp */,
				015524DC0F5498AE003129D6 /* OpenGL.cpp */,
				015524D20F5498AE003129D6 /* Main.cpp */,
				015524DA0F5498AE003129D6 /* ObjectGrid.cpp */,
				015524DE0F5498AE003129D6 /* Options.cpp */,
				015524E10F5498AE003129D6 /* ScreenManager.cpp */,
				015524E30F5498AE003129D6 /* Ship.cpp */,
				015524E50F5498AE003129D6 /* SoundEffect.cpp */,
				015524E70F5498AE003129D6 /* Surface.cpp */,
				015524E90F5498AE003129D6 /* Texture.cpp */,
				015524EB0F5498AE003129D6 /* Viewport.cpp */,
			);
			name = Sources;
			sourceTree = "<group>";
		};
		01CAD2F80B07BFFD00C32A7E /* Include */ = {
			isa = PBXGroup;
			children = (
				015524B30F5498AE003129D6 /* AnimatedImage.hpp */,
				015524B50F5498AE003129D6 /* Asteroid.hpp */,
				015524B70F5498AE003129D6 /* ConfigFile.hpp */,
				015524B90F5498AE003129D6 /* ElectricGate.hpp */,
				015524BB0F5498AE003129D6 /* Emitter.hpp */,
				015524BD0F5498AE003129D6 /* Fade.hpp */,
				015524C10F5498AE003129D6 /* Game.hpp */,
				015524BF0F5498AE003129D6 /* Font.hpp */,
				015524C20F5498AE003129D6 /* GameObjFwd.hpp */,
				015524C30F5498AE003129D6 /* Geometry.hpp */,
				015524C40F5498AE003129D6 /* GraphicsFwd.hpp */,
				015524C60F5498AE003129D6 /* HighScores.hpp */,
				015524C80F5498AE003129D6 /* Image.hpp */,
				015524CA0F5498AE003129D6 /* Input.hpp */,
				015524CC0F5498AE003129D6 /* InterfaceSounds.hpp */,
				015524CE0F5498AE003129D6 /* Key.hpp */,
				015524D00F5498AE003129D6 /* LandingPad.hpp */,
				015524D10F5498AE003129D6 /* LoadOnce.hpp */,
				015524D50F5498AE003129D6 /* Menu.hpp */,
				015524D70F5498AE003129D6 /* Mine.hpp */,
				015524D90F5498AE003129D6 /* Missile.hpp */,
				015524DB0F5498AE003129D6 /* ObjectGrid.hpp */,
				015524DD0F5498AE003129D6 /* OpenGL.hpp */,
				015524DF0F5498AE003129D6 /* Options.hpp */,
				015524E00F5498AE003129D6 /* Platform.hpp */,
				015524E20F5498AE003129D6 /* ScreenManager.hpp */,
				015524E40F5498AE003129D6 /* Ship.hpp */,
				015524E60F5498AE003129D6 /* SoundEffect.hpp */,
				015524E80F5498AE003129D6 /* Surface.hpp */,
				015524EA0F5498AE003129D6 /* Texture.hpp */,
				015524EC0F5498AE003129D6 /* Viewport.hpp */,
			);
			name = Include;
			sourceTree = "<group>";
		};
		080E96DDFE201D6D7F000001 /* Classes */ = {
			isa = PBXGroup;
			children = (
				F5A47A9D01A0482F01D3D55B /* SDLMain.h */,
				F5A47A9E01A0483001D3D55B /* SDLMain.m */,
			);
			name = Classes;
			sourceTree = "<group>";
		};
		1058C7A0FEA54F0111CA2CBB /* Linked Frameworks */ = {
			isa = PBXGroup;
			children = (
				015526D70F54AA1E003129D6 /* SDL_image.framework */,
				015526D10F54AA06003129D6 /* SDL_mixer.framework */,
				01F660CF0B0862F700F6B8CD /* SDL.framework */,
				01CAD4E70B07C26800C32A7E /* FreeType.framework */,
				1058C7A1FEA54F0111CA2CBB /* Cocoa.framework */,
				B2F67ED704C74A3F00A80002 /* OpenGL.framework */,
				B2F67F1E04C773E400A80002 /* GLUT.framework */,
			);
			name = "Linked Frameworks";
			sourceTree = "<group>";
		};
		1058C7A2FEA54F0111CA2CBB /* Other Frameworks */ = {
			isa = PBXGroup;
			children = (
				29B97324FDCFA39411CA2CEA /* AppKit.framework */,
				29B97325FDCFA39411CA2CEA /* Foundation.framework */,
			);
			name = "Other Frameworks";
			sourceTree = "<group>";
		};
		19C28FACFE9D520D11CA2CBB /* Products */ = {
			isa = PBXGroup;
			children = (
				17587328FF379C6511CA2CBB /* Lander.app */,
			);
			name = Products;
			sourceTree = "<group>";
		};
		29B97314FDCFA39411CA2CEA /* Lander */ = {
			isa = PBXGroup;
			children = (
				01CAD2F80B07BFFD00C32A7E /* Include */,
				01CAD2A80B07BEC200C32A7E /* Sources */,
				080E96DDFE201D6D7F000001 /* Classes */,
				29B97315FDCFA39411CA2CEA /* Other Sources */,
				29B97317FDCFA39411CA2CEA /* Resources */,
				29B97323FDCFA39411CA2CEA /* Frameworks */,
				19C28FACFE9D520D11CA2CBB /* Products */,
			);
			name = Lander;
			sourceTree = "<group>";
		};
		29B97315FDCFA39411CA2CEA /* Other Sources */ = {
			isa = PBXGroup;
			children = (
			);
			name = "Other Sources";
			sourceTree = "<group>";
		};
		29B97317FDCFA39411CA2CEA /* Resources */ = {
			isa = PBXGroup;
			children = (
				01F661060B08636800F6B8CD /* Hollow_Font.ttf */,
				089C165CFE840E0CC02AAC07 /* InfoPlist.strings */,
			);
			name = Resources;
			sourceTree = "<group>";
		};
		29B97323FDCFA39411CA2CEA /* Frameworks */ = {
			isa = PBXGroup;
			children = (
				1058C7A0FEA54F0111CA2CBB /* Linked Frameworks */,
				1058C7A2FEA54F0111CA2CBB /* Other Frameworks */,
			);
			name = Frameworks;
			sourceTree = "<group>";
		};
/* End PBXGroup section */

/* Begin PBXHeadersBuildPhase section */
		29B97327FDCFA39411CA2CEA /* Headers */ = {
			isa = PBXHeadersBuildPhase;
			buildActionMask = 2147483647;
			files = (
				F5A47AA101A0483001D3D55B /* SDLMain.h in Headers */,
				015524EE0F5498AE003129D6 /* AnimatedImage.hpp in Headers */,
				015524F00F5498AE003129D6 /* Asteroid.hpp in Headers */,
				015524F20F5498AE003129D6 /* ConfigFile.hpp in Headers */,
				015524F40F5498AE003129D6 /* ElectricGate.hpp in Headers */,
				015524F60F5498AE003129D6 /* Emitter.hpp in Headers */,
				015524F80F5498AE003129D6 /* Fade.hpp in Headers */,
				015524FA0F5498AE003129D6 /* Font.hpp in Headers */,
				015524FC0F5498AE003129D6 /* Game.hpp in Headers */,
				015524FD0F5498AE003129D6 /* GameObjFwd.hpp in Headers */,
				015524FE0F5498AE003129D6 /* Geometry.hpp in Headers */,
				015524FF0F5498AE003129D6 /* GraphicsFwd.hpp in Headers */,
				015525010F5498AE003129D6 /* HighScores.hpp in Headers */,
				015525030F5498AE003129D6 /* Image.hpp in Headers */,
				015525050F5498AE003129D6 /* Input.hpp in Headers */,
				015525070F5498AE003129D6 /* InterfaceSounds.hpp in Headers */,
				015525090F5498AE003129D6 /* Key.hpp in Headers */,
				0155250B0F5498AE003129D6 /* LandingPad.hpp in Headers */,
				0155250C0F5498AE003129D6 /* LoadOnce.hpp in Headers */,
				015525100F5498AE003129D6 /* Menu.hpp in Headers */,
				015525120F5498AE003129D6 /* Mine.hpp in Headers */,
				015525140F5498AE003129D6 /* Missile.hpp in Headers */,
				015525160F5498AE003129D6 /* ObjectGrid.hpp in Headers */,
				015525180F5498AE003129D6 /* OpenGL.hpp in Headers */,
				0155251A0F5498AE003129D6 /* Options.hpp in Headers */,
				0155251B0F5498AE003129D6 /* Platform.hpp in Headers */,
				0155251D0F5498AE003129D6 /* ScreenManager.hpp in Headers */,
				0155251F0F5498AE003129D6 /* Ship.hpp in Headers */,
				015525210F5498AE003129D6 /* SoundEffect.hpp in Headers */,
				015525230F5498AE003129D6 /* Surface.hpp in Headers */,
				015525250F5498AE003129D6 /* Texture.hpp in Headers */,
				015525270F5498AE003129D6 /* Viewport.hpp in Headers */,
			);
			runOnlyForDeploymentPostprocessing = 0;
		};
/* End PBXHeadersBuildPhase section */

/* Begin PBXProject section */
		29B97313FDCFA39411CA2CEA /* Project object */ = {
			isa = PBXProject;
			buildConfigurationList = 01CAD2A10B07BEB700C32A7E /* Build configuration list for PBXProject "Lander" */;
			hasScannedForEncodings = 1;
			mainGroup = 29B97314FDCFA39411CA2CEA /* Lander */;
			projectDirPath = "";
			targets = (
				29B97326FDCFA39411CA2CEA /* Lander */,
			);
		};
/* End PBXProject section */

/* Begin PBXResourcesBuildPhase section */
		29B97328FDCFA39411CA2CEA /* Resources */ = {
			isa = PBXResourcesBuildPhase;
			buildActionMask = 2147483647;
			files = (
				089C165EFE840E0CC02AAC07 /* InfoPlist.strings in Resources */,
				01F661090B08636800F6B8CD /* Hollow_Font.ttf in Resources */,
			);
			runOnlyForDeploymentPostprocessing = 0;
		};
/* End PBXResourcesBuildPhase section */

/* Begin PBXSourcesBuildPhase section */
		29B9732BFDCFA39411CA2CEA /* Sources */ = {
			isa = PBXSourcesBuildPhase;
			buildActionMask = 2147483647;
			files = (
				F5A47AA301A0483001D3D55B /* SDLMain.m in Sources */,
				015524ED0F5498AE003129D6 /* AnimatedImage.cpp in Sources */,
				015524EF0F5498AE003129D6 /* Asteroid.cpp in Sources */,
				015524F10F5498AE003129D6 /* ConfigFile.cpp in Sources */,
				015524F30F5498AE003129D6 /* ElectricGate.cpp in Sources */,
				015524F50F5498AE003129D6 /* Emitter.cpp in Sources */,
				015524F70F5498AE003129D6 /* Fade.cpp in Sources */,
				015524F90F5498AE003129D6 /* Font.cpp in Sources */,
				015524FB0F5498AE003129D6 /* Game.cpp in Sources */,
				015525000F5498AE003129D6 /* HighScores.cpp in Sources */,
				015525020F5498AE003129D6 /* Image.cpp in Sources */,
				015525040F5498AE003129D6 /* Input.cpp in Sources */,
				015525060F5498AE003129D6 /* InterfaceSounds.cpp in Sources */,
				015525080F5498AE003129D6 /* Key.cpp in Sources */,
				0155250A0F5498AE003129D6 /* LandingPad.cpp in Sources */,
				0155250D0F5498AE003129D6 /* Main.cpp in Sources */,
				0155250F0F5498AE003129D6 /* Menu.cpp in Sources */,
				015525110F5498AE003129D6 /* Mine.cpp in Sources */,
				015525130F5498AE003129D6 /* Missile.cpp in Sources */,
				015525150F5498AE003129D6 /* ObjectGrid.cpp in Sources */,
				015525170F5498AE003129D6 /* OpenGL.cpp in Sources */,
				015525190F5498AE003129D6 /* Options.cpp in Sources */,
				0155251C0F5498AE003129D6 /* ScreenManager.cpp in Sources */,
				0155251E0F5498AE003129D6 /* Ship.cpp in Sources */,
				015525200F5498AE003129D6 /* SoundEffect.cpp in Sources */,
				015525220F5498AE003129D6 /* Surface.cpp in Sources */,
				015525240F5498AE003129D6 /* Texture.cpp in Sources */,
				015525260F5498AE003129D6 /* Viewport.cpp in Sources */,
			);
			runOnlyForDeploymentPostprocessing = 0;
		};
/* End PBXSourcesBuildPhase section */

/* Begin PBXVariantGroup section */
		089C165CFE840E0CC02AAC07 /* InfoPlist.strings */ = {
			isa = PBXVariantGroup;
			children = (
				089C165DFE840E0CC02AAC07 /* English */,
			);
			name = InfoPlist.strings;
			sourceTree = "<group>";
		};
/* End PBXVariantGroup section */

/* Begin XCBuildConfiguration section */
		01CAD29E0B07BEB700C32A7E /* Development */ = {
			isa = XCBuildConfiguration;
			buildSettings = {
				COPY_PHASE_STRIP = NO;
				FRAMEWORK_SEARCH_PATHS = "\"/Library/Frameworks\"";
				GCC_DYNAMIC_NO_PIC = NO;
				GCC_ENABLE_FIX_AND_CONTINUE = YES;
				GCC_GENERATE_DEBUGGING_SYMBOLS = YES;
				GCC_OPTIMIZATION_LEVEL = 0;
				HEADER_SEARCH_PATHS = (
					"$(LOCAL_LIBRARY_DIR)/Frameworks/SDL_mixer.framework/Headers",
					"$(LOCAL_LIBRARY_DIR)/Frameworks/SDL_image.framework/Headers",
					/usr/X11R6/include,
					/Library/Frameworks/FreeType.framework/Versions/A/Headers,
					/usr/include/SDL,
					/Library/Frameworks/SDL.framework/Headers,
				);
				INSTALL_PATH = "$(HOME)/Applications";
				LIBRARY_SEARCH_PATHS = "";
				OPTIMIZATION_CFLAGS = "-O0";
				OTHER_CFLAGS = (
					"-DUNIX",
					"-DMACOSX",
					"-DBIG_ENDIAN",
					"-DVERSION=0.5",
				);
				OTHER_LDFLAGS = (
					"-framework",
					SDL,
				);
				PREBINDING = NO;
				PRODUCT_NAME = Lander;
				SECTORDER_FLAGS = "";
				WARNING_CFLAGS = (
					"-Wmost",
					"-Wno-four-char-constants",
					"-Wno-unknown-pragmas",
				);
				WRAPPER_EXTENSION = app;
				ZERO_LINK = YES;
			};
			name = Development;
		};
		01CAD29F0B07BEB700C32A7E /* Deployment */ = {
			isa = XCBuildConfiguration;
			buildSettings = {
				COPY_PHASE_STRIP = YES;
				FRAMEWORK_SEARCH_PATHS = "\"/Library/Frameworks\"";
				GCC_ENABLE_FIX_AND_CONTINUE = NO;
				HEADER_SEARCH_PATHS = "\"/Library/Frameworks/SDL.framework/Headers\"";
				INSTALL_PATH = "$(HOME)/Applications";
				LIBRARY_SEARCH_PATHS = "";
				OPTIMIZATION_CFLAGS = "-O0";
				OTHER_LDFLAGS = (
					"-framework",
					SDL,
				);
				PRODUCT_NAME = Lander;
				SECTORDER_FLAGS = "";
				WARNING_CFLAGS = (
					"-Wmost",
					"-Wno-four-char-constants",
					"-Wno-unknown-pragmas",
				);
				WRAPPER_EXTENSION = app;
				ZERO_LINK = NO;
			};
			name = Deployment;
		};
		01CAD2A00B07BEB700C32A7E /* Default */ = {
			isa = XCBuildConfiguration;
			buildSettings = {
				FRAMEWORK_SEARCH_PATHS = "\"/Library/Frameworks\"";
				HEADER_SEARCH_PATHS = "\"/Library/Frameworks/SDL.framework/Headers\"";
				INSTALL_PATH = "$(HOME)/Applications";
				LIBRARY_SEARCH_PATHS = "";
				OPTIMIZATION_CFLAGS = "-O0";
				OTHER_LDFLAGS = (
					"-framework",
					SDL,
				);
				PRODUCT_NAME = Lander;
				SECTORDER_FLAGS = "";
				WARNING_CFLAGS = (
					"-Wmost",
					"-Wno-four-char-constants",
					"-Wno-unknown-pragmas",
				);
				WRAPPER_EXTENSION = app;
			};
			name = Default;
		};
		01CAD2A20B07BEB700C32A7E /* Development */ = {
			isa = XCBuildConfiguration;
			buildSettings = {
			};
			name = Development;
		};
		01CAD2A30B07BEB700C32A7E /* Deployment */ = {
			isa = XCBuildConfiguration;
			buildSettings = {
			};
			name = Deployment;
		};
		01CAD2A40B07BEB700C32A7E /* Default */ = {
			isa = XCBuildConfiguration;
			buildSettings = {
			};
			name = Default;
		};
/* End XCBuildConfiguration section */

/* Begin XCConfigurationList section */
		01CAD29D0B07BEB700C32A7E /* Build configuration list for PBXApplicationTarget "Lander" */ = {
			isa = XCConfigurationList;
			buildConfigurations = (
				01CAD29E0B07BEB700C32A7E /* Development */,
				01CAD29F0B07BEB700C32A7E /* Deployment */,
				01CAD2A00B07BEB700C32A7E /* Default */,
			);
			defaultConfigurationIsVisible = 0;
			defaultConfigurationName = Default;
		};
		01CAD2A10B07BEB700C32A7E /* Build configuration list for PBXProject "Lander" */ = {
			isa = XCConfigurationList;
			buildConfigurations = (
				01CAD2A20B07BEB700C32A7E /* Development */,
				01CAD2A30B07BEB700C32A7E /* Deployment */,
				01CAD2A40B07BEB700C32A7E /* Default */,
			);
			defaultConfigurationIsVisible = 0;
			defaultConfigurationName = Default;
		};
/* End XCConfigurationList section */
	};
	rootObject = 29B97313FDCFA39411CA2CEA /* Project object */;
}
