Microsoft Visual Studio Solution File, Format Version 8.00
Project("{8BC9CEB8-8B4A-11D0-8D11-00A0C91BC942}") = "Lander", "Lander.vcproj", "{2EC35BD5-D3F5-468B-8AA3-E3AAA2A847C6}"
	ProjectSection(ProjectDependencies) = postProject
	EndProjectSection
EndProject
Global
	GlobalSection(SolutionConfiguration) = preSolution
		Debug = Debug
		Release = Release
	EndGlobalSection
	GlobalSection(ProjectDependencies) = postSolution
	EndGlobalSection
	GlobalSection(ProjectConfiguration) = postSolution
		{2EC35BD5-D3F5-468B-8AA3-E3AAA2A847C6}.Debug.ActiveCfg = Debug|Win32
		{2EC35BD5-D3F5-468B-8AA3-E3AAA2A847C6}.Debug.Build.0 = Debug|Win32
		{2EC35BD5-D3F5-468B-8AA3-E3AAA2A847C6}.Release.ActiveCfg = Release|Win32
		{2EC35BD5-D3F5-468B-8AA3-E3AAA2A847C6}.Release.Build.0 = Release|Win32
	EndGlobalSection
	GlobalSection(ExtensibilityGlobals) = postSolution
	EndGlobalSection
	GlobalSection(ExtensibilityAddIns) = postSolution
	EndGlobalSection
EndGlobal
